// !$*UTF8*$!
{
	archiveVersion = 1;
	classes = {
	};
	objectVersion = 51;
	objects = {

/* Begin PBXBuildFile section */
		489842242551122400A2EE37 /* Common.swift in Sources */ = {isa = PBXBuildFile; fileRef = 489842232551122400A2EE37 /* Common.swift */; };
		7654481525202F2700E49483 /* AppDelegate.swift in Sources */ = {isa = PBXBuildFile; fileRef = 7654481425202F2700E49483 /* AppDelegate.swift */; };
		7654481725202F2700E49483 /* SceneDelegate.swift in Sources */ = {isa = PBXBuildFile; fileRef = 7654481625202F2700E49483 /* SceneDelegate.swift */; };
		7654481C25202F2700E49483 /* Main.storyboard in Resources */ = {isa = PBXBuildFile; fileRef = 7654481A25202F2700E49483 /* Main.storyboard */; };
		7654481E25202F3300E49483 /* Assets.xcassets in Resources */ = {isa = PBXBuildFile; fileRef = 7654481D25202F3300E49483 /* Assets.xcassets */; };
		7654482125202F3300E49483 /* LaunchScreen.storyboard in Resources */ = {isa = PBXBuildFile; fileRef = 7654481F25202F3300E49483 /* LaunchScreen.storyboard */; };
		7654482C2520D56100E49483 /* ToDoViewController.swift in Sources */ = {isa = PBXBuildFile; fileRef = 7654482B2520D56100E49483 /* ToDoViewController.swift */; };
		7687504B2525FD3300FBB95F /* 851MkPOP_002.ttf in Resources */ = {isa = PBXBuildFile; fileRef = 7687504A2525FD3300FBB95F /* 851MkPOP_002.ttf */; };
		7687504E2526985C00FBB95F /* addBackground.swift in Sources */ = {isa = PBXBuildFile; fileRef = 7687504D2526985B00FBB95F /* addBackground.swift */; };
		76D488552529B444002B09F8 /* PopUpViewController.swift in Sources */ = {isa = PBXBuildFile; fileRef = 76D488542529B444002B09F8 /* PopUpViewController.swift */; };
		76D4885C252D2792002B09F8 /* gomarice_mukasi_mukasi.ttf in Resources */ = {isa = PBXBuildFile; fileRef = 76D4885B252D2791002B09F8 /* gomarice_mukasi_mukasi.ttf */; };
		76D4886D252E74D4002B09F8 /* TodoModel.swift in Sources */ = {isa = PBXBuildFile; fileRef = 76D4886C252E74D4002B09F8 /* TodoModel.swift */; };
		B209CBB6D5E535D39F907500 /* Pods_ToDoMission.framework in Frameworks */ = {isa = PBXBuildFile; fileRef = 485977549DA2398A8A001B7B /* Pods_ToDoMission.framework */; };
/* End PBXBuildFile section */

/* Begin PBXFileReference section */
		485977549DA2398A8A001B7B /* Pods_ToDoMission.framework */ = {isa = PBXFileReference; explicitFileType = wrapper.framework; includeInIndex = 0; path = Pods_ToDoMission.framework; sourceTree = BUILT_PRODUCTS_DIR; };
		489842232551122400A2EE37 /* Common.swift */ = {isa = PBXFileReference; lastKnownFileType = sourcecode.swift; path = Common.swift; sourceTree = "<group>"; };
		7654481125202F2700E49483 /* ToDoMission.app */ = {isa = PBXFileReference; explicitFileType = wrapper.application; includeInIndex = 0; path = ToDoMission.app; sourceTree = BUILT_PRODUCTS_DIR; };
		7654481425202F2700E49483 /* AppDelegate.swift */ = {isa = PBXFileReference; lastKnownFileType = sourcecode.swift; path = AppDelegate.swift; sourceTree = "<group>"; };
		7654481625202F2700E49483 /* SceneDelegate.swift */ = {isa = PBXFileReference; lastKnownFileType = sourcecode.swift; path = SceneDelegate.swift; sourceTree = "<group>"; };
		7654481B25202F2700E49483 /* Base */ = {isa = PBXFileReference; lastKnownFileType = file.storyboard; name = Base; path = Base.lproj/Main.storyboard; sourceTree = "<group>"; };
		7654481D25202F3300E49483 /* Assets.xcassets */ = {isa = PBXFileReference; lastKnownFileType = folder.assetcatalog; path = Assets.xcassets; sourceTree = "<group>"; };
		7654482025202F3300E49483 /* Base */ = {isa = PBXFileReference; lastKnownFileType = file.storyboard; name = Base; path = Base.lproj/LaunchScreen.storyboard; sourceTree = "<group>"; };
		7654482225202F3300E49483 /* Info.plist */ = {isa = PBXFileReference; lastKnownFileType = text.plist.xml; path = Info.plist; sourceTree = "<group>"; };
		7654482B2520D56100E49483 /* ToDoViewController.swift */ = {isa = PBXFileReference; lastKnownFileType = sourcecode.swift; path = ToDoViewController.swift; sourceTree = "<group>"; };
		7687504A2525FD3300FBB95F /* 851MkPOP_002.ttf */ = {isa = PBXFileReference; lastKnownFileType = file; path = 851MkPOP_002.ttf; sourceTree = "<group>"; };
		7687504D2526985B00FBB95F /* addBackground.swift */ = {isa = PBXFileReference; lastKnownFileType = sourcecode.swift; path = addBackground.swift; sourceTree = "<group>"; };
		76D488542529B444002B09F8 /* PopUpViewController.swift */ = {isa = PBXFileReference; lastKnownFileType = sourcecode.swift; path = PopUpViewController.swift; sourceTree = "<group>"; };
		76D4885B252D2791002B09F8 /* gomarice_mukasi_mukasi.ttf */ = {isa = PBXFileReference; lastKnownFileType = file; name = gomarice_mukasi_mukasi.ttf; path = ../../../../../Downloads/gomarice_mukasi_mukasi.ttf; sourceTree = "<group>"; };
		76D4886C252E74D4002B09F8 /* TodoModel.swift */ = {isa = PBXFileReference; lastKnownFileType = sourcecode.swift; path = TodoModel.swift; sourceTree = "<group>"; };
		BA05032390E4FFC0EE4CE2C4 /* Pods-ToDoMission.release.xcconfig */ = {isa = PBXFileReference; includeInIndex = 1; lastKnownFileType = text.xcconfig; name = "Pods-ToDoMission.release.xcconfig"; path = "Target Support Files/Pods-ToDoMission/Pods-ToDoMission.release.xcconfig"; sourceTree = "<group>"; };
		BC0161050B61D910CADF5496 /* Pods-ToDoMission.debug.xcconfig */ = {isa = PBXFileReference; includeInIndex = 1; lastKnownFileType = text.xcconfig; name = "Pods-ToDoMission.debug.xcconfig"; path = "Target Support Files/Pods-ToDoMission/Pods-ToDoMission.debug.xcconfig"; sourceTree = "<group>"; };
/* End PBXFileReference section */

/* Begin PBXFrameworksBuildPhase section */
		7654480E25202F2700E49483 /* Frameworks */ = {
			isa = PBXFrameworksBuildPhase;
			buildActionMask = 2147483647;
			files = (
				B209CBB6D5E535D39F907500 /* Pods_ToDoMission.framework in Frameworks */,
			);
			runOnlyForDeploymentPostprocessing = 0;
		};
/* End PBXFrameworksBuildPhase section */

/* Begin PBXGroup section */
		207C13579678B57CC269545B /* Frameworks */ = {
			isa = PBXGroup;
			children = (
				485977549DA2398A8A001B7B /* Pods_ToDoMission.framework */,
			);
			name = Frameworks;
			sourceTree = "<group>";
		};
		7654480825202F2700E49483 = {
			isa = PBXGroup;
			children = (
				7654481325202F2700E49483 /* ToDoMission */,
				7654481225202F2700E49483 /* Products */,
				D36191BEEE6337374E504D2E /* Pods */,
				207C13579678B57CC269545B /* Frameworks */,
			);
			sourceTree = "<group>";
		};
		7654481225202F2700E49483 /* Products */ = {
			isa = PBXGroup;
			children = (
				7654481125202F2700E49483 /* ToDoMission.app */,
			);
			name = Products;
			sourceTree = "<group>";
		};
		7654481325202F2700E49483 /* ToDoMission */ = {
			isa = PBXGroup;
			children = (
				7654482225202F3300E49483 /* Info.plist */,
				76D48858252D2578002B09F8 /* Fonts */,
				765448282520D4C200E49483 /* Model */,
				7654482A2520D4D900E49483 /* View */,
				765448292520D4CD00E49483 /* Controller */,
			);
			path = ToDoMission;
			sourceTree = "<group>";
		};
		765448282520D4C200E49483 /* Model */ = {
			isa = PBXGroup;
			children = (
				7687504D2526985B00FBB95F /* addBackground.swift */,
				76D4886C252E74D4002B09F8 /* TodoModel.swift */,
				489842232551122400A2EE37 /* Common.swift */,
			);
			path = Model;
			sourceTree = "<group>";
		};
		765448292520D4CD00E49483 /* Controller */ = {
			isa = PBXGroup;
			children = (
				7654481425202F2700E49483 /* AppDelegate.swift */,
				7654481625202F2700E49483 /* SceneDelegate.swift */,
				7654482B2520D56100E49483 /* ToDoViewController.swift */,
				76D488542529B444002B09F8 /* PopUpViewController.swift */,
			);
			path = Controller;
			sourceTree = "<group>";
		};
		7654482A2520D4D900E49483 /* View */ = {
			isa = PBXGroup;
			children = (
				7654481A25202F2700E49483 /* Main.storyboard */,
				7654481D25202F3300E49483 /* Assets.xcassets */,
				7654481F25202F3300E49483 /* LaunchScreen.storyboard */,
			);
			path = View;
			sourceTree = "<group>";
		};
		76D48858252D2578002B09F8 /* Fonts */ = {
			isa = PBXGroup;
			children = (
				7687504A2525FD3300FBB95F /* 851MkPOP_002.ttf */,
				76D4885B252D2791002B09F8 /* gomarice_mukasi_mukasi.ttf */,
			);
			path = Fonts;
			sourceTree = "<group>";
		};
		D36191BEEE6337374E504D2E /* Pods */ = {
			isa = PBXGroup;
			children = (
				BC0161050B61D910CADF5496 /* Pods-ToDoMission.debug.xcconfig */,
				BA05032390E4FFC0EE4CE2C4 /* Pods-ToDoMission.release.xcconfig */,
			);
			path = Pods;
			sourceTree = "<group>";
		};
/* End PBXGroup section */

/* Begin PBXNativeTarget section */
		7654481025202F2700E49483 /* ToDoMission */ = {
			isa = PBXNativeTarget;
			buildConfigurationList = 7654482525202F3300E49483 /* Build configuration list for PBXNativeTarget "ToDoMission" */;
			buildPhases = (
				10128690581742220D4A51B1 /* [CP] Check Pods Manifest.lock */,
				7654480D25202F2700E49483 /* Sources */,
				7654480E25202F2700E49483 /* Frameworks */,
				7654480F25202F2700E49483 /* Resources */,
				752A5FAFB80DC6183EEC834D /* [CP] Embed Pods Frameworks */,
			);
			buildRules = (
			);
			dependencies = (
			);
			name = ToDoMission;
			productName = ToDoMission;
			productReference = 7654481125202F2700E49483 /* ToDoMission.app */;
			productType = "com.apple.product-type.application";
		};
/* End PBXNativeTarget section */

/* Begin PBXProject section */
		7654480925202F2700E49483 /* Project object */ = {
			isa = PBXProject;
			attributes = {
				LastSwiftUpdateCheck = 1170;
				LastUpgradeCheck = 1210;
				ORGANIZATIONNAME = "Masakazu Konno";
				TargetAttributes = {
					7654481025202F2700E49483 = {
						CreatedOnToolsVersion = 11.7;
					};
				};
			};
			buildConfigurationList = 7654480C25202F2700E49483 /* Build configuration list for PBXProject "ToDoMission" */;
			compatibilityVersion = "Xcode 9.3";
			developmentRegion = en;
			hasScannedForEncodings = 0;
			knownRegions = (
				en,
				Base,
			);
			mainGroup = 7654480825202F2700E49483;
			productRefGroup = 7654481225202F2700E49483 /* Products */;
			projectDirPath = "";
			projectRoot = "";
			targets = (
				7654481025202F2700E49483 /* ToDoMission */,
			);
		};
/* End PBXProject section */

/* Begin PBXResourcesBuildPhase section */
		7654480F25202F2700E49483 /* Resources */ = {
			isa = PBXResourcesBuildPhase;
			buildActionMask = 2147483647;
			files = (
				7654482125202F3300E49483 /* LaunchScreen.storyboard in Resources */,
				7654481E25202F3300E49483 /* Assets.xcassets in Resources */,
				7687504B2525FD3300FBB95F /* 851MkPOP_002.ttf in Resources */,
				7654481C25202F2700E49483 /* Main.storyboard in Resources */,
				76D4885C252D2792002B09F8 /* gomarice_mukasi_mukasi.ttf in Resources */,
			);
			runOnlyForDeploymentPostprocessing = 0;
		};
/* End PBXResourcesBuildPhase section */

/* Begin PBXShellScriptBuildPhase section */
		10128690581742220D4A51B1 /* [CP] Check Pods Manifest.lock */ = {
			isa = PBXShellScriptBuildPhase;
			buildActionMask = 2147483647;
			files = (
			);
			inputFileListPaths = (
			);
			inputPaths = (
				"${PODS_PODFILE_DIR_PATH}/Podfile.lock",
				"${PODS_ROOT}/Manifest.lock",
			);
			name = "[CP] Check Pods Manifest.lock";
			outputFileListPaths = (
			);
			outputPaths = (
				"$(DERIVED_FILE_DIR)/Pods-ToDoMission-checkManifestLockResult.txt",
			);
			runOnlyForDeploymentPostprocessing = 0;
			shellPath = /bin/sh;
			shellScript = "diff \"${PODS_PODFILE_DIR_PATH}/Podfile.lock\" \"${PODS_ROOT}/Manifest.lock\" > /dev/null\nif [ $? != 0 ] ; then\n    # print error to STDERR\n    echo \"error: The sandbox is not in sync with the Podfile.lock. Run 'pod install' or update your CocoaPods installation.\" >&2\n    exit 1\nfi\n# This output is used by Xcode 'outputs' to avoid re-running this script phase.\necho \"SUCCESS\" > \"${SCRIPT_OUTPUT_FILE_0}\"\n";
			showEnvVarsInLog = 0;
		};
		752A5FAFB80DC6183EEC834D /* [CP] Embed Pods Frameworks */ = {
			isa = PBXShellScriptBuildPhase;
			buildActionMask = 2147483647;
			files = (
			);
			inputFileListPaths = (
				"${PODS_ROOT}/Target Support Files/Pods-ToDoMission/Pods-ToDoMission-frameworks-${CONFIGURATION}-input-files.xcfilelist",
			);
			name = "[CP] Embed Pods Frameworks";
			outputFileListPaths = (
				"${PODS_ROOT}/Target Support Files/Pods-ToDoMission/Pods-ToDoMission-frameworks-${CONFIGURATION}-output-files.xcfilelist",
			);
			runOnlyForDeploymentPostprocessing = 0;
			shellPath = /bin/sh;
			shellScript = "\"${PODS_ROOT}/Target Support Files/Pods-ToDoMission/Pods-ToDoMission-frameworks.sh\"\n";
			showEnvVarsInLog = 0;
		};
/* End PBXShellScriptBuildPhase section */

/* Begin PBXSourcesBuildPhase section */
		7654480D25202F2700E49483 /* Sources */ = {
			isa = PBXSourcesBuildPhase;
			buildActionMask = 2147483647;
			files = (
				489842242551122400A2EE37 /* Common.swift in Sources */,
				7654482C2520D56100E49483 /* ToDoViewController.swift in Sources */,
				76D488552529B444002B09F8 /* PopUpViewController.swift in Sources */,
				7687504E2526985C00FBB95F /* addBackground.swift in Sources */,
				76D4886D252E74D4002B09F8 /* TodoModel.swift in Sources */,
				7654481525202F2700E49483 /* AppDelegate.swift in Sources */,
				7654481725202F2700E49483 /* SceneDelegate.swift in Sources */,
			);
			runOnlyForDeploymentPostprocessing = 0;
		};
/* End PBXSourcesBuildPhase section */

/* Begin PBXVariantGroup section */
		7654481A25202F2700E49483 /* Main.storyboard */ = {
			isa = PBXVariantGroup;
			children = (
				7654481B25202F2700E49483 /* Base */,
			);
			name = Main.storyboard;
			sourceTree = "<group>";
		};
		7654481F25202F3300E49483 /* LaunchScreen.storyboard */ = {
			isa = PBXVariantGroup;
			children = (
				7654482025202F3300E49483 /* Base */,
			);
			name = LaunchScreen.storyboard;
			sourceTree = "<group>";
		};
/* End PBXVariantGroup section */

/* Begin XCBuildConfiguration section */
		7654482325202F3300E49483 /* Debug */ = {
			isa = XCBuildConfiguration;
			buildSettings = {
				ALWAYS_SEARCH_USER_PATHS = NO;
				CLANG_ANALYZER_NONNULL = YES;
				CLANG_ANALYZER_NUMBER_OBJECT_CONVERSION = YES_AGGRESSIVE;
				CLANG_CXX_LANGUAGE_STANDARD = "gnu++14";
				CLANG_CXX_LIBRARY = "libc++";
				CLANG_ENABLE_MODULES = YES;
				CLANG_ENABLE_OBJC_ARC = YES;
				CLANG_ENABLE_OBJC_WEAK = YES;
				CLANG_WARN_BLOCK_CAPTURE_AUTORELEASING = YES;
				CLANG_WARN_BOOL_CONVERSION = YES;
				CLANG_WARN_COMMA = YES;
				CLANG_WARN_CONSTANT_CONVERSION = YES;
				CLANG_WARN_DEPRECATED_OBJC_IMPLEMENTATIONS = YES;
				CLANG_WARN_DIRECT_OBJC_ISA_USAGE = YES_ERROR;
				CLANG_WARN_DOCUMENTATION_COMMENTS = YES;
				CLANG_WARN_EMPTY_BODY = YES;
				CLANG_WARN_ENUM_CONVERSION = YES;
				CLANG_WARN_INFINITE_RECURSION = YES;
				CLANG_WARN_INT_CONVERSION = YES;
				CLANG_WARN_NON_LITERAL_NULL_CONVERSION = YES;
				CLANG_WARN_OBJC_IMPLICIT_RETAIN_SELF = YES;
				CLANG_WARN_OBJC_LITERAL_CONVERSION = YES;
				CLANG_WARN_OBJC_ROOT_CLASS = YES_ERROR;
				CLANG_WARN_QUOTED_INCLUDE_IN_FRAMEWORK_HEADER = YES;
				CLANG_WARN_RANGE_LOOP_ANALYSIS = YES;
				CLANG_WARN_STRICT_PROTOTYPES = YES;
				CLANG_WARN_SUSPICIOUS_MOVE = YES;
				CLANG_WARN_UNGUARDED_AVAILABILITY = YES_AGGRESSIVE;
				CLANG_WARN_UNREACHABLE_CODE = YES;
				CLANG_WARN__DUPLICATE_METHOD_MATCH = YES;
				COPY_PHASE_STRIP = NO;
				DEBUG_INFORMATION_FORMAT = dwarf;
				ENABLE_STRICT_OBJC_MSGSEND = YES;
				ENABLE_TESTABILITY = YES;
				GCC_C_LANGUAGE_STANDARD = gnu11;
				GCC_DYNAMIC_NO_PIC = NO;
				GCC_NO_COMMON_BLOCKS = YES;
				GCC_OPTIMIZATION_LEVEL = 0;
				GCC_PREPROCESSOR_DEFINITIONS = (
					"DEBUG=1",
					"$(inherited)",
				);
				GCC_WARN_64_TO_32_BIT_CONVERSION = YES;
				GCC_WARN_ABOUT_RETURN_TYPE = YES_ERROR;
				GCC_WARN_UNDECLARED_SELECTOR = YES;
				GCC_WARN_UNINITIALIZED_AUTOS = YES_AGGRESSIVE;
				GCC_WARN_UNUSED_FUNCTION = YES;
				GCC_WARN_UNUSED_VARIABLE = YES;
				IPHONEOS_DEPLOYMENT_TARGET = 13.7;
				MTL_ENABLE_DEBUG_INFO = INCLUDE_SOURCE;
				MTL_FAST_MATH = YES;
				ONLY_ACTIVE_ARCH = YES;
				SDKROOT = iphoneos;
				SWIFT_ACTIVE_COMPILATION_CONDITIONS = DEBUG;
				SWIFT_OPTIMIZATION_LEVEL = "-Onone";
			};
			name = Debug;
		};
		7654482425202F3300E49483 /* Release */ = {
			isa = XCBuildConfiguration;
			buildSettings = {
				ALWAYS_SEARCH_USER_PATHS = NO;
				CLANG_ANALYZER_NONNULL = YES;
				CLANG_ANALYZER_NUMBER_OBJECT_CONVERSION = YES_AGGRESSIVE;
				CLANG_CXX_LANGUAGE_STANDARD = "gnu++14";
				CLANG_CXX_LIBRARY = "libc++";
				CLANG_ENABLE_MODULES = YES;
				CLANG_ENABLE_OBJC_ARC = YES;
				CLANG_ENABLE_OBJC_WEAK = YES;
				CLANG_WARN_BLOCK_CAPTURE_AUTORELEASING = YES;
				CLANG_WARN_BOOL_CONVERSION = YES;
				CLANG_WARN_COMMA = YES;
				CLANG_WARN_CONSTANT_CONVERSION = YES;
				CLANG_WARN_DEPRECATED_OBJC_IMPLEMENTATIONS = YES;
				CLANG_WARN_DIRECT_OBJC_ISA_USAGE = YES_ERROR;
				CLANG_WARN_DOCUMENTATION_COMMENTS = YES;
				CLANG_WARN_EMPTY_BODY = YES;
				CLANG_WARN_ENUM_CONVERSION = YES;
				CLANG_WARN_INFINITE_RECURSION = YES;
				CLANG_WARN_INT_CONVERSION = YES;
				CLANG_WARN_NON_LITERAL_NULL_CONVERSION = YES;
				CLANG_WARN_OBJC_IMPLICIT_RETAIN_SELF = YES;
				CLANG_WARN_OBJC_LITERAL_CONVERSION = YES;
				CLANG_WARN_OBJC_ROOT_CLASS = YES_ERROR;
				CLANG_WARN_QUOTED_INCLUDE_IN_FRAMEWORK_HEADER = YES;
				CLANG_WARN_RANGE_LOOP_ANALYSIS = YES;
				CLANG_WARN_STRICT_PROTOTYPES = YES;
				CLANG_WARN_SUSPICIOUS_MOVE = YES;
				CLANG_WARN_UNGUARDED_AVAILABILITY = YES_AGGRESSIVE;
				CLANG_WARN_UNREACHABLE_CODE = YES;
				CLANG_WARN__DUPLICATE_METHOD_MATCH = YES;
				COPY_PHASE_STRIP = NO;
				DEBUG_INFORMATION_FORMAT = "dwarf-with-dsym";
				ENABLE_NS_ASSERTIONS = NO;
				ENABLE_STRICT_OBJC_MSGSEND = YES;
				GCC_C_LANGUAGE_STANDARD = gnu11;
				GCC_NO_COMMON_BLOCKS = YES;
				GCC_WARN_64_TO_32_BIT_CONVERSION = YES;
				GCC_WARN_ABOUT_RETURN_TYPE = YES_ERROR;
				GCC_WARN_UNDECLARED_SELECTOR = YES;
				GCC_WARN_UNINITIALIZED_AUTOS = YES_AGGRESSIVE;
				GCC_WARN_UNUSED_FUNCTION = YES;
				GCC_WARN_UNUSED_VARIABLE = YES;
				IPHONEOS_DEPLOYMENT_TARGET = 13.7;
				MTL_ENABLE_DEBUG_INFO = NO;
				MTL_FAST_MATH = YES;
				SDKROOT = iphoneos;
				SWIFT_COMPILATION_MODE = wholemodule;
				SWIFT_OPTIMIZATION_LEVEL = "-O";
				VALIDATE_PRODUCT = YES;
			};
			name = Release;
		};
		7654482625202F3300E49483 /* Debug */ = {
			isa = XCBuildConfiguration;
			baseConfigurationReference = BC0161050B61D910CADF5496 /* Pods-ToDoMission.debug.xcconfig */;
			buildSettings = {
				ASSETCATALOG_COMPILER_APPICON_NAME = AppIcon;
				CODE_SIGN_STYLE = Automatic;
				DEVELOPMENT_TEAM = JR5G2R2W88;
				INFOPLIST_FILE = ToDoMission/Info.plist;
				IPHONEOS_DEPLOYMENT_TARGET = 14.0;
				LD_RUNPATH_SEARCH_PATHS = (
					"$(inherited)",
					"@executable_path/Frameworks",
				);
				PRODUCT_BUNDLE_IDENTIFIER = "-Mercy.ToDoMission";
				PRODUCT_NAME = "$(TARGET_NAME)";
				SWIFT_VERSION = 5.0;
				TARGETED_DEVICE_FAMILY = 1;
			};
			name = Debug;
		};
		7654482725202F3300E49483 /* Release */ = {
			isa = XCBuildConfiguration;
			baseConfigurationReference = BA05032390E4FFC0EE4CE2C4 /* Pods-ToDoMission.release.xcconfig */;
			buildSettings = {
				ASSETCATALOG_COMPILER_APPICON_NAME = AppIcon;
				CODE_SIGN_STYLE = Automatic;
				DEVELOPMENT_TEAM = JR5G2R2W88;
				INFOPLIST_FILE = ToDoMission/Info.plist;
				IPHONEOS_DEPLOYMENT_TARGET = 14.0;
				LD_RUNPATH_SEARCH_PATHS = (
					"$(inherited)",
					"@executable_path/Frameworks",
				);
				PRODUCT_BUNDLE_IDENTIFIER = "-Mercy.ToDoMission";
				PRODUCT_NAME = "$(TARGET_NAME)";
				SWIFT_VERSION = 5.0;
				TARGETED_DEVICE_FAMILY = 1;
			};
			name = Release;
		};
/* End XCBuildConfiguration section */

/* Begin XCConfigurationList section */
		7654480C25202F2700E49483 /* Build configuration list for PBXProject "ToDoMission" */ = {
			isa = XCConfigurationList;
			buildConfigurations = (
				7654482325202F3300E49483 /* Debug */,
				7654482425202F3300E49483 /* Release */,
			);
			defaultConfigurationIsVisible = 0;
			defaultConfigurationName = Release;
		};
		7654482525202F3300E49483 /* Build configuration list for PBXNativeTarget "ToDoMission" */ = {
			isa = XCConfigurationList;
			buildConfigurations = (
				7654482625202F3300E49483 /* Debug */,
				7654482725202F3300E49483 /* Release */,
			);
			defaultConfigurationIsVisible = 0;
			defaultConfigurationName = Release;
		};
/* End XCConfigurationList section */
	};
	rootObject = 7654480925202F2700E49483 /* Project object */;
}
